
Microsoft Visual Studio Solution File, Format Version 12.00
# Visual Studio 14
VisualStudioVersion = 14.0.24720.0
MinimumVisualStudioVersion = 10.0.40219.1
Project("{FAE04EC0-301F-11D3-BF4B-00C04F79EFBC}") = "SportidentLapCounter", "SportidentLapCounter\SportidentLapCounter.csproj", "{391C8D5E-7F1B-498E-AC53-3F715FDEC812}"
EndProject
Global
	GlobalSection(SolutionConfigurationPlatforms) = preSolution
		Debug|Any CPU = Debug|Any CPU
		Release|Any CPU = Release|Any CPU
	EndGlobalSection
	GlobalSection(ProjectConfigurationPlatforms) = postSolution
		{391C8D5E-7F1B-498E-AC53-3F715FDEC812}.Debug|Any CPU.ActiveCfg = Debug|Any CPU
		{391C8D5E-7F1B-498E-AC53-3F715FDEC812}.Debug|Any CPU.Build.0 = Debug|Any CPU
		{391C8D5E-7F1B-498E-AC53-3F715FDEC812}.Release|Any CPU.ActiveCfg = Release|Any CPU
		{391C8D5E-7F1B-498E-AC53-3F715FDEC812}.Release|Any CPU.Build.0 = Release|Any CPU
	EndGlobalSection
	GlobalSection(SolutionProperties) = preSolution
		HideSolutionNode = FALSE
	EndGlobalSection
EndGlobal
